{
  "name": "obionyi",
  "version": "0.0.0",
  "lockfileVersion": 1,
  "requires": true,
  "dependencies": {
    "express-paginatorjs": {
      "version": "1.0.1",
      "resolved": "https://registry.npmjs.org/express-paginatorjs/-/express-paginatorjs-1.0.1.tgz",
      "integrity": "sha512-r7ocC1wtXe5UAU1T5Q6uOmoT0X0AIMSaPrUDxb27rCGImxRCvLjsR5VzUfh0s1T1pDEt+h8ntfkIgpXAGbYLAw=="
    },
    "formidable": {
      "version": "1.2.1",
      "resolved": "https://registry.npmjs.org/formidable/-/formidable-1.2.1.tgz",
      "integrity": "sha512-Fs9VRguL0gqGHkXS5GQiMCr1VhZBxz0JnJs4JmMp/2jL18Fmbzvv7vOFRU+U8TBkHEE/CX1qDXzJplVULgsLeg=="
    }
  }
}
